
Microsoft Visual Studio Solution File, Format Version 12.00
# Visual Studio 15
VisualStudioVersion = 15.0.27004.2008
MinimumVisualStudioVersion = 10.0.40219.1
Project("{FAE04EC0-301F-11D3-BF4B-00C04F79EFBC}") = "AoC2017", "AoC2017\AoC2017.csproj", "{93CED950-403A-4FB3-8CE2-8A6D9228F48A}"
EndProject
Global
	GlobalSection(SolutionConfigurationPlatforms) = preSolution
		Debug|Any CPU = Debug|Any CPU
		Release|Any CPU = Release|Any CPU
	EndGlobalSection
	GlobalSection(ProjectConfigurationPlatforms) = postSolution
		{93CED950-403A-4FB3-8CE2-8A6D9228F48A}.Debug|Any CPU.ActiveCfg = Debug|Any CPU
		{93CED950-403A-4FB3-8CE2-8A6D9228F48A}.Debug|Any CPU.Build.0 = Debug|Any CPU
		{93CED950-403A-4FB3-8CE2-8A6D9228F48A}.Release|Any CPU.ActiveCfg = Release|Any CPU
		{93CED950-403A-4FB3-8CE2-8A6D9228F48A}.Release|Any CPU.Build.0 = Release|Any CPU
	EndGlobalSection
	GlobalSection(SolutionProperties) = preSolution
		HideSolutionNode = FALSE
	EndGlobalSection
	GlobalSection(ExtensibilityGlobals) = postSolution
		SolutionGuid = {609B23EF-2927-4594-8B76-913653190D7B}
	EndGlobalSection
EndGlobal
